
Microsoft Visual Studio Solution File, Format Version 12.00
# Visual Studio 15
VisualStudioVersion = 15.0.28307.572
MinimumVisualStudioVersion = 10.0.40219.1
Project("{FAE04EC0-301F-11D3-BF4B-00C04F79EFBC}") = "CocktailrXamarin.Android", "CocktailrXamarin\CocktailrXamarin.Android\CocktailrXamarin.Android.csproj", "{CEAB4034-7C79-45DE-B9BE-999209EF789D}"
EndProject
Project("{FAE04EC0-301F-11D3-BF4B-00C04F79EFBC}") = "CocktailrXamarin.iOS", "CocktailrXamarin\CocktailrXamarin.iOS\CocktailrXamarin.iOS.csproj", "{EB84A517-4C98-4484-80AB-B398481E93FD}"
EndProject
Project("{FAE04EC0-301F-11D3-BF4B-00C04F79EFBC}") = "CocktailrXamarin", "CocktailrXamarin\CocktailrXamarin\CocktailrXamarin.csproj", "{968E3518-0218-4043-A10F-7EEA964E92C8}"
EndProject
Global
	GlobalSection(SolutionConfigurationPlatforms) = preSolution
		Ad-Hoc|Any CPU = Ad-Hoc|Any CPU
		Ad-Hoc|iPhone = Ad-Hoc|iPhone
		Ad-Hoc|iPhoneSimulator = Ad-Hoc|iPhoneSimulator
		AppStore|Any CPU = AppStore|Any CPU
		AppStore|iPhone = AppStore|iPhone
		AppStore|iPhoneSimulator = AppStore|iPhoneSimulator
		Debug|Any CPU = Debug|Any CPU
		Debug|iPhone = Debug|iPhone
		Debug|iPhoneSimulator = Debug|iPhoneSimulator
		Release|Any CPU = Release|Any CPU
		Release|iPhone = Release|iPhone
		Release|iPhoneSimulator = Release|iPhoneSimulator
	EndGlobalSection
	GlobalSection(ProjectConfigurationPlatforms) = postSolution
		{CEAB4034-7C79-45DE-B9BE-999209EF789D}.Ad-Hoc|Any CPU.ActiveCfg = Release|Any CPU
		{CEAB4034-7C79-45DE-B9BE-999209EF789D}.Ad-Hoc|Any CPU.Build.0 = Release|Any CPU
		{CEAB4034-7C79-45DE-B9BE-999209EF789D}.Ad-Hoc|Any CPU.Deploy.0 = Release|Any CPU
		{CEAB4034-7C79-45DE-B9BE-999209EF789D}.Ad-Hoc|iPhone.ActiveCfg = Release|Any CPU
		{CEAB4034-7C79-45DE-B9BE-999209EF789D}.Ad-Hoc|iPhone.Build.0 = Release|Any CPU
		{CEAB4034-7C79-45DE-B9BE-999209EF789D}.Ad-Hoc|iPhone.Deploy.0 = Release|Any CPU
		{CEAB4034-7C79-45DE-B9BE-999209EF789D}.Ad-Hoc|iPhoneSimulator.ActiveCfg = Release|Any CPU
		{CEAB4034-7C79-45DE-B9BE-999209EF789D}.Ad-Hoc|iPhoneSimulator.Build.0 = Release|Any CPU
		{CEAB4034-7C79-45DE-B9BE-999209EF789D}.Ad-Hoc|iPhoneSimulator.Deploy.0 = Release|Any CPU
		{CEAB4034-7C79-45DE-B9BE-999209EF789D}.AppStore|Any CPU.ActiveCfg = Release|Any CPU
		{CEAB4034-7C79-45DE-B9BE-999209EF789D}.AppStore|Any CPU.Build.0 = Release|Any CPU
		{CEAB4034-7C79-45DE-B9BE-999209EF789D}.AppStore|Any CPU.Deploy.0 = Release|Any CPU
		{CEAB4034-7C79-45DE-B9BE-999209EF789D}.AppStore|iPhone.ActiveCfg = Release|Any CPU
		{CEAB4034-7C79-45DE-B9BE-999209EF789D}.AppStore|iPhone.Build.0 = Release|Any CPU
		{CEAB4034-7C79-45DE-B9BE-999209EF789D}.AppStore|iPhone.Deploy.0 = Release|Any CPU
		{CEAB4034-7C79-45DE-B9BE-999209EF789D}.AppStore|iPhoneSimulator.ActiveCfg = Release|Any CPU
		{CEAB4034-7C79-45DE-B9BE-999209EF789D}.AppStore|iPhoneSimulator.Build.0 = Release|Any CPU
		{CEAB4034-7C79-45DE-B9BE-999209EF789D}.AppStore|iPhoneSimulator.Deploy.0 = Release|Any CPU
		{CEAB4034-7C79-45DE-B9BE-999209EF789D}.Debug|Any CPU.ActiveCfg = Debug|Any CPU
		{CEAB4034-7C79-45DE-B9BE-999209EF789D}.Debug|Any CPU.Build.0 = Debug|Any CPU
		{CEAB4034-7C79-45DE-B9BE-999209EF789D}.Debug|Any CPU.Deploy.0 = Debug|Any CPU
		{CEAB4034-7C79-45DE-B9BE-999209EF789D}.Debug|iPhone.ActiveCfg = Debug|Any CPU
		{CEAB4034-7C79-45DE-B9BE-999209EF789D}.Debug|iPhone.Build.0 = Debug|Any CPU
		{CEAB4034-7C79-45DE-B9BE-999209EF789D}.Debug|iPhone.Deploy.0 = Debug|Any CPU
		{CEAB4034-7C79-45DE-B9BE-999209EF789D}.Debug|iPhoneSimulator.ActiveCfg = Debug|Any CPU
		{CEAB4034-7C79-45DE-B9BE-999209EF789D}.Debug|iPhoneSimulator.Build.0 = Debug|Any CPU
		{CEAB4034-7C79-45DE-B9BE-999209EF789D}.Debug|iPhoneSimulator.Deploy.0 = Debug|Any CPU
		{CEAB4034-7C79-45DE-B9BE-999209EF789D}.Release|Any CPU.ActiveCfg = Release|Any CPU
		{CEAB4034-7C79-45DE-B9BE-999209EF789D}.Release|Any CPU.Build.0 = Release|Any CPU
		{CEAB4034-7C79-45DE-B9BE-999209EF789D}.Release|Any CPU.Deploy.0 = Release|Any CPU
		{CEAB4034-7C79-45DE-B9BE-999209EF789D}.Release|iPhone.ActiveCfg = Release|Any CPU
		{CEAB4034-7C79-45DE-B9BE-999209EF789D}.Release|iPhone.Build.0 = Release|Any CPU
		{CEAB4034-7C79-45DE-B9BE-999209EF789D}.Release|iPhone.Deploy.0 = Release|Any CPU
		{CEAB4034-7C79-45DE-B9BE-999209EF789D}.Release|iPhoneSimulator.ActiveCfg = Release|Any CPU
		{CEAB4034-7C79-45DE-B9BE-999209EF789D}.Release|iPhoneSimulator.Build.0 = Release|Any CPU
		{CEAB4034-7C79-45DE-B9BE-999209EF789D}.Release|iPhoneSimulator.Deploy.0 = Release|Any CPU
		{EB84A517-4C98-4484-80AB-B398481E93FD}.Ad-Hoc|Any CPU.ActiveCfg = Ad-Hoc|iPhone
		{EB84A517-4C98-4484-80AB-B398481E93FD}.Ad-Hoc|Any CPU.Build.0 = Ad-Hoc|iPhone
		{EB84A517-4C98-4484-80AB-B398481E93FD}.Ad-Hoc|Any CPU.Deploy.0 = Ad-Hoc|iPhone
		{EB84A517-4C98-4484-80AB-B398481E93FD}.Ad-Hoc|iPhone.ActiveCfg = Ad-Hoc|iPhone
		{EB84A517-4C98-4484-80AB-B398481E93FD}.Ad-Hoc|iPhone.Build.0 = Ad-Hoc|iPhone
		{EB84A517-4C98-4484-80AB-B398481E93FD}.Ad-Hoc|iPhone.Deploy.0 = Ad-Hoc|iPhone
		{EB84A517-4C98-4484-80AB-B398481E93FD}.Ad-Hoc|iPhoneSimulator.ActiveCfg = Ad-Hoc|iPhoneSimulator
		{EB84A517-4C98-4484-80AB-B398481E93FD}.Ad-Hoc|iPhoneSimulator.Build.0 = Ad-Hoc|iPhoneSimulator
		{EB84A517-4C98-4484-80AB-B398481E93FD}.Ad-Hoc|iPhoneSimulator.Deploy.0 = Ad-Hoc|iPhoneSimulator
		{EB84A517-4C98-4484-80AB-B398481E93FD}.AppStore|Any CPU.ActiveCfg = AppStore|iPhone
		{EB84A517-4C98-4484-80AB-B398481E93FD}.AppStore|Any CPU.Build.0 = AppStore|iPhone
		{EB84A517-4C98-4484-80AB-B398481E93FD}.AppStore|Any CPU.Deploy.0 = AppStore|iPhone
		{EB84A517-4C98-4484-80AB-B398481E93FD}.AppStore|iPhone.ActiveCfg = AppStore|iPhone
		{EB84A517-4C98-4484-80AB-B398481E93FD}.AppStore|iPhone.Build.0 = AppStore|iPhone
		{EB84A517-4C98-4484-80AB-B398481E93FD}.AppStore|iPhone.Deploy.0 = AppStore|iPhone
		{EB84A517-4C98-4484-80AB-B398481E93FD}.AppStore|iPhoneSimulator.ActiveCfg = AppStore|iPhoneSimulator
		{EB84A517-4C98-4484-80AB-B398481E93FD}.AppStore|iPhoneSimulator.Build.0 = AppStore|iPhoneSimulator
		{EB84A517-4C98-4484-80AB-B398481E93FD}.AppStore|iPhoneSimulator.Deploy.0 = AppStore|iPhoneSimulator
		{EB84A517-4C98-4484-80AB-B398481E93FD}.Debug|Any CPU.ActiveCfg = Debug|iPhoneSimulator
		{EB84A517-4C98-4484-80AB-B398481E93FD}.Debug|Any CPU.Build.0 = Debug|iPhoneSimulator
		{EB84A517-4C98-4484-80AB-B398481E93FD}.Debug|Any CPU.Deploy.0 = Debug|iPhoneSimulator
		{EB84A517-4C98-4484-80AB-B398481E93FD}.Debug|iPhone.ActiveCfg = Debug|iPhone
		{EB84A517-4C98-4484-80AB-B398481E93FD}.Debug|iPhone.Build.0 = Debug|iPhone
		{EB84A517-4C98-4484-80AB-B398481E93FD}.Debug|iPhone.Deploy.0 = Debug|iPhone
		{EB84A517-4C98-4484-80AB-B398481E93FD}.Debug|iPhoneSimulator.ActiveCfg = Debug|iPhoneSimulator
		{EB84A517-4C98-4484-80AB-B398481E93FD}.Debug|iPhoneSimulator.Build.0 = Debug|iPhoneSimulator
		{EB84A517-4C98-4484-80AB-B398481E93FD}.Debug|iPhoneSimulator.Deploy.0 = Debug|iPhoneSimulator
		{EB84A517-4C98-4484-80AB-B398481E93FD}.Release|Any CPU.ActiveCfg = Release|iPhone
		{EB84A517-4C98-4484-80AB-B398481E93FD}.Release|Any CPU.Build.0 = Release|iPhone
		{EB84A517-4C98-4484-80AB-B398481E93FD}.Release|Any CPU.Deploy.0 = Release|iPhone
		{EB84A517-4C98-4484-80AB-B398481E93FD}.Release|iPhone.ActiveCfg = Release|iPhone
		{EB84A517-4C98-4484-80AB-B398481E93FD}.Release|iPhone.Build.0 = Release|iPhone
		{EB84A517-4C98-4484-80AB-B398481E93FD}.Release|iPhone.Deploy.0 = Release|iPhone
		{EB84A517-4C98-4484-80AB-B398481E93FD}.Release|iPhoneSimulator.ActiveCfg = Release|iPhoneSimulator
		{EB84A517-4C98-4484-80AB-B398481E93FD}.Release|iPhoneSimulator.Build.0 = Release|iPhoneSimulator
		{EB84A517-4C98-4484-80AB-B398481E93FD}.Release|iPhoneSimulator.Deploy.0 = Release|iPhoneSimulator
		{968E3518-0218-4043-A10F-7EEA964E92C8}.Ad-Hoc|Any CPU.ActiveCfg = Debug|Any CPU
		{968E3518-0218-4043-A10F-7EEA964E92C8}.Ad-Hoc|Any CPU.Build.0 = Debug|Any CPU
		{968E3518-0218-4043-A10F-7EEA964E92C8}.Ad-Hoc|Any CPU.Deploy.0 = Debug|Any CPU
		{968E3518-0218-4043-A10F-7EEA964E92C8}.Ad-Hoc|iPhone.ActiveCfg = Debug|Any CPU
		{968E3518-0218-4043-A10F-7EEA964E92C8}.Ad-Hoc|iPhone.Build.0 = Debug|Any CPU
		{968E3518-0218-4043-A10F-7EEA964E92C8}.Ad-Hoc|iPhone.Deploy.0 = Debug|Any CPU
		{968E3518-0218-4043-A10F-7EEA964E92C8}.Ad-Hoc|iPhoneSimulator.ActiveCfg = Debug|Any CPU
		{968E3518-0218-4043-A10F-7EEA964E92C8}.Ad-Hoc|iPhoneSimulator.Build.0 = Debug|Any CPU
		{968E3518-0218-4043-A10F-7EEA964E92C8}.Ad-Hoc|iPhoneSimulator.Deploy.0 = Debug|Any CPU
		{968E3518-0218-4043-A10F-7EEA964E92C8}.AppStore|Any CPU.ActiveCfg = Debug|Any CPU
		{968E3518-0218-4043-A10F-7EEA964E92C8}.AppStore|Any CPU.Build.0 = Debug|Any CPU
		{968E3518-0218-4043-A10F-7EEA964E92C8}.AppStore|Any CPU.Deploy.0 = Debug|Any CPU
		{968E3518-0218-4043-A10F-7EEA964E92C8}.AppStore|iPhone.ActiveCfg = Debug|Any CPU
		{968E3518-0218-4043-A10F-7EEA964E92C8}.AppStore|iPhone.Build.0 = Debug|Any CPU
		{968E3518-0218-4043-A10F-7EEA964E92C8}.AppStore|iPhone.Deploy.0 = Debug|Any CPU
		{968E3518-0218-4043-A10F-7EEA964E92C8}.AppStore|iPhoneSimulator.ActiveCfg = Debug|Any CPU
		{968E3518-0218-4043-A10F-7EEA964E92C8}.AppStore|iPhoneSimulator.Build.0 = Debug|Any CPU
		{968E3518-0218-4043-A10F-7EEA964E92C8}.AppStore|iPhoneSimulator.Deploy.0 = Debug|Any CPU
		{968E3518-0218-4043-A10F-7EEA964E92C8}.Debug|Any CPU.ActiveCfg = Debug|Any CPU
		{968E3518-0218-4043-A10F-7EEA964E92C8}.Debug|Any CPU.Build.0 = Debug|Any CPU
		{968E3518-0218-4043-A10F-7EEA964E92C8}.Debug|Any CPU.Deploy.0 = Debug|Any CPU
		{968E3518-0218-4043-A10F-7EEA964E92C8}.Debug|iPhone.ActiveCfg = Debug|Any CPU
		{968E3518-0218-4043-A10F-7EEA964E92C8}.Debug|iPhone.Build.0 = Debug|Any CPU
		{968E3518-0218-4043-A10F-7EEA964E92C8}.Debug|iPhone.Deploy.0 = Debug|Any CPU
		{968E3518-0218-4043-A10F-7EEA964E92C8}.Debug|iPhoneSimulator.ActiveCfg = Debug|Any CPU
		{968E3518-0218-4043-A10F-7EEA964E92C8}.Debug|iPhoneSimulator.Build.0 = Debug|Any CPU
		{968E3518-0218-4043-A10F-7EEA964E92C8}.Debug|iPhoneSimulator.Deploy.0 = Debug|Any CPU
		{968E3518-0218-4043-A10F-7EEA964E92C8}.Release|Any CPU.ActiveCfg = Release|Any CPU
		{968E3518-0218-4043-A10F-7EEA964E92C8}.Release|Any CPU.Build.0 = Release|Any CPU
		{968E3518-0218-4043-A10F-7EEA964E92C8}.Release|Any CPU.Deploy.0 = Release|Any CPU
		{968E3518-0218-4043-A10F-7EEA964E92C8}.Release|iPhone.ActiveCfg = Release|Any CPU
		{968E3518-0218-4043-A10F-7EEA964E92C8}.Release|iPhone.Build.0 = Release|Any CPU
		{968E3518-0218-4043-A10F-7EEA964E92C8}.Release|iPhone.Deploy.0 = Release|Any CPU
		{968E3518-0218-4043-A10F-7EEA964E92C8}.Release|iPhoneSimulator.ActiveCfg = Release|Any CPU
		{968E3518-0218-4043-A10F-7EEA964E92C8}.Release|iPhoneSimulator.Build.0 = Release|Any CPU
		{968E3518-0218-4043-A10F-7EEA964E92C8}.Release|iPhoneSimulator.Deploy.0 = Release|Any CPU
	EndGlobalSection
	GlobalSection(SolutionProperties) = preSolution
		HideSolutionNode = FALSE
	EndGlobalSection
	GlobalSection(ExtensibilityGlobals) = postSolution
		SolutionGuid = {A7F3D1C7-F074-472E-BCA9-657843BBD864}
	EndGlobalSection
EndGlobal
